<?xml version="1.0" encoding="utf-8"?>
<Project ToolsVersion="4.0" xmlns="http://schemas.microsoft.com/developer/msbuild/2003">
  <ItemGroup>
    <Filter Include="Resource Files">
      <UniqueIdentifier>{67DA6AB6-F800-4c08-8B7A-83BB121AAD01}</UniqueIdentifier>
      <Extensions>rc;ico;cur;bmp;dlg;rc2;rct;bin;rgs;gif;jpg;jpeg;jpe;resx;tiff;tif;png;wav;mfcribbon-ms</Extensions>
    </Filter>
    <Filter Include="Engine">
      <UniqueIdentifier>{32f118ce-134b-476e-b59e-71a9dfcf4693}</UniqueIdentifier>
    </Filter>
    <Filter Include="Engine\Graphics">
      <UniqueIdentifier>{4f56e44d-8a0a-421c-b83e-79ce43f25883}</UniqueIdentifier>
    </Filter>
    <Filter Include="Engine\Graphics\Glew">
      <UniqueIdentifier>{eb219a0c-dbb1-48d1-9e23-91533b3f1ddf}</UniqueIdentifier>
    </Filter>
    <Filter Include="Engine\Graphics\RenderPasses">
      <UniqueIdentifier>{5de49a8a-25c1-45a1-a4c0-e8421e9ac226}</UniqueIdentifier>
    </Filter>
    <Filter Include="Misc">
      <UniqueIdentifier>{93995380-89BD-4b04-88EB-625FBE52EBFB}</UniqueIdentifier>
      <Extensions>h;hh;hpp;hxx;hm;inl;inc;xsd</Extensions>
    </Filter>
    <Filter Include="Engine\Events">
      <UniqueIdentifier>{0864b506-811b-42d7-8a69-5fabf4b4f7d3}</UniqueIdentifier>
    </Filter>
    <Filter Include="Engine\Debug">
      <UniqueIdentifier>{0b6e59e0-63aa-493a-85aa-2d504f53576d}</UniqueIdentifier>
    </Filter>
    <Filter Include="Engine\Utils">
      <UniqueIdentifier>{72ba70d2-9f49-4318-9cbb-3a7d86191557}</UniqueIdentifier>
    </Filter>
  </ItemGroup>
  <ItemGroup>
    <Text Include="ReadMe.txt" />
  </ItemGroup>
  <ItemGroup>
    <ClInclude Include="stdafx.h">
      <Filter>Misc</Filter>
    </ClInclude>
    <ClInclude Include="targetver.h">
      <Filter>Misc</Filter>
    </ClInclude>
    <ClInclude Include="Include\DebugRenderPass.h">
      <Filter>Engine\Graphics\RenderPasses</Filter>
    </ClInclude>
    <ClInclude Include="Include\RenderPass.h">
      <Filter>Engine\Graphics\RenderPasses</Filter>
    </ClInclude>
    <ClInclude Include="Include\SimpleObjectsRenderPass.h">
      <Filter>Engine\Graphics\RenderPasses</Filter>
    </ClInclude>
    <ClInclude Include="Include\SimpleEngine.h">
      <Filter>Engine</Filter>
    </ClInclude>
    <ClInclude Include="Include\SimpleObject.h">
      <Filter>Engine</Filter>
    </ClInclude>
    <ClInclude Include="Include\SimpleRenderer.h">
      <Filter>Engine</Filter>
    </ClInclude>
    <ClInclude Include="Include\SimpleScene.h">
      <Filter>Engine</Filter>
    </ClInclude>
    <ClInclude Include="resource.h">
      <Filter>Misc</Filter>
    </ClInclude>
    <ClInclude Include="Include\SimpleCamera2D.h">
      <Filter>Engine\Graphics</Filter>
    </ClInclude>
    <ClInclude Include="Include\SimpleShaderProgram.h">
      <Filter>Engine\Graphics</Filter>
    </ClInclude>
    <ClInclude Include="Include\Events.h">
      <Filter>Engine\Events</Filter>
    </ClInclude>
    <ClInclude Include="Include\SimpleEvent.h">
      <Filter>Engine\Events</Filter>
    </ClInclude>
    <ClInclude Include="Include\SimpleDispatcher.h">
      <Filter>Engine\Events</Filter>
    </ClInclude>
    <ClInclude Include="Include\SimpleDebug.h">
      <Filter>Engine\Debug</Filter>
    </ClInclude>
    <ClInclude Include="Include\SimpleDebugObject.h">
      <Filter>Engine\Debug</Filter>
    </ClInclude>
    <ClInclude Include="Include\SimpleGameLogic.h">
      <Filter>Engine</Filter>
    </ClInclude>
    <ClInclude Include="Include\VertexFormats.h">
      <Filter>Engine\Graphics</Filter>
    </ClInclude>
    <ClInclude Include="Include\DebugGameLogic.h">
      <Filter>Engine\Debug</Filter>
    </ClInclude>
    <ClInclude Include="Include\SimpleTexture.h">
      <Filter>Engine\Graphics</Filter>
    </ClInclude>
    <ClInclude Include="Include\Texture.h">
      <Filter>Engine\Graphics</Filter>
    </ClInclude>
    <ClInclude Include="Include\SimpleLayer.h">
      <Filter>Engine</Filter>
    </ClInclude>
    <ClInclude Include="Include\LowerZIndex.h">
      <Filter>Engine</Filter>
    </ClInclude>
    <ClInclude Include="Include\SimpleUtils.h">
      <Filter>Engine\Utils</Filter>
    </ClInclude>
    <ClInclude Include="Include\SimpleSpriteRenderer.h">
      <Filter>Engine\Graphics</Filter>
    </ClInclude>
  </ItemGroup>
  <ItemGroup>
    <ClCompile Include="Src\SimpleObjectsRenderPass.cpp">
      <Filter>Engine\Graphics\RenderPasses</Filter>
    </ClCompile>
    <ClCompile Include="Src\SimpleEngine.cpp">
      <Filter>Engine</Filter>
    </ClCompile>
    <ClCompile Include="Src\SimpleObject.cpp">
      <Filter>Engine</Filter>
    </ClCompile>
    <ClCompile Include="Src\SimpleRenderer.cpp">
      <Filter>Engine</Filter>
    </ClCompile>
    <ClCompile Include="Src\SimpleScene.cpp">
      <Filter>Engine</Filter>
    </ClCompile>
    <ClCompile Include="External\glew\glew.cpp">
      <Filter>Engine\Graphics\Glew</Filter>
    </ClCompile>
    <ClCompile Include="Src\SimpleCamera2D.cpp">
      <Filter>Engine\Graphics</Filter>
    </ClCompile>
    <ClCompile Include="Src\SimpleShaderProgram.cpp">
      <Filter>Engine\Graphics</Filter>
    </ClCompile>
    <ClCompile Include="stdafx.cpp">
      <Filter>Misc</Filter>
    </ClCompile>
    <ClCompile Include="Src\SimpleDispatcher.cpp">
      <Filter>Engine\Events</Filter>
    </ClCompile>
    <ClCompile Include="Src\SimpleDebugObject.cpp">
      <Filter>Engine\Debug</Filter>
    </ClCompile>
    <ClCompile Include="Src\DebugGameLogic.cpp">
      <Filter>Engine\Debug</Filter>
    </ClCompile>
    <ClCompile Include="Include\SimpleMesh.h">
      <Filter>Engine\Graphics</Filter>
    </ClCompile>
    <ClCompile Include="Src\VertexFormats.cpp">
      <Filter>Engine\Graphics</Filter>
    </ClCompile>
    <ClCompile Include="Src\SimpleTexture.cpp">
      <Filter>Engine\Graphics</Filter>
    </ClCompile>
    <ClCompile Include="Src\SimpleLayer.cpp">
      <Filter>Engine</Filter>
    </ClCompile>
    <ClCompile Include="Src\SimpleSpriteRenderer.cpp">
      <Filter>Engine\Graphics</Filter>
    </ClCompile>
  </ItemGroup>
  <ItemGroup>
    <None Include="Src\shaders\SimpleColorShader.frag">
      <Filter>Resource Files</Filter>
    </None>
    <None Include="Src\shaders\SimpleColorShader.vert">
      <Filter>Resource Files</Filter>
    </None>
    <None Include="Src\shaders\SimpleSpriteShader.frag">
      <Filter>Resource Files</Filter>
    </None>
    <None Include="Src\shaders\SimpleSpriteShader.vert">
      <Filter>Resource Files</Filter>
    </None>
  </ItemGroup>
  <ItemGroup>
    <ResourceCompile Include="Resource.rc">
      <Filter>Resource Files</Filter>
    </ResourceCompile>
  </ItemGroup>
</Project>