
Microsoft Visual Studio Solution File, Format Version 12.00
# Visual Studio 14
VisualStudioVersion = 14.0.25420.1
MinimumVisualStudioVersion = 10.0.40219.1
Project("{FAE04EC0-301F-11D3-BF4B-00C04F79EFBC}") = "WPF", "WPF\WPF.csproj", "{EF0A5809-3691-45E5-965E-1E015FAA029C}"
	ProjectSection(ProjectDependencies) = postProject
		{80F800AF-F3EE-4F86-887B-0FBA0DBDB7BF} = {80F800AF-F3EE-4F86-887B-0FBA0DBDB7BF}
		{14ED99EC-7644-4963-8301-4D7B4BF4BA04} = {14ED99EC-7644-4963-8301-4D7B4BF4BA04}
	EndProjectSection
EndProject
Project("{8BC9CEB8-8B4A-11D0-8D11-00A0C91BC942}") = "SimpleEngine", "SimpleEngine\SimpleEngine.vcxproj", "{37BC156B-0948-4591-A77B-6DD682BDBD21}"
EndProject
Project("{8BC9CEB8-8B4A-11D0-8D11-00A0C91BC942}") = "SimpleEngineTest", "SimpleEngineTest\SimpleEngineTest.vcxproj", "{FB9F708F-2837-4644-B0E1-F6F6F8E4274B}"
	ProjectSection(ProjectDependencies) = postProject
		{37BC156B-0948-4591-A77B-6DD682BDBD21} = {37BC156B-0948-4591-A77B-6DD682BDBD21}
	EndProjectSection
EndProject
Project("{8BC9CEB8-8B4A-11D0-8D11-00A0C91BC942}") = "SimpleEngineControls", "SimpleEngineControls\SimpleEngineControls.vcxproj", "{14ED99EC-7644-4963-8301-4D7B4BF4BA04}"
	ProjectSection(ProjectDependencies) = postProject
		{37BC156B-0948-4591-A77B-6DD682BDBD21} = {37BC156B-0948-4591-A77B-6DD682BDBD21}
	EndProjectSection
EndProject
Project("{FAE04EC0-301F-11D3-BF4B-00C04F79EFBC}") = "SimpleEngineTileEditor", "SimpleEngineTileEditor\SimpleEngineTileEditor.csproj", "{80F800AF-F3EE-4F86-887B-0FBA0DBDB7BF}"
	ProjectSection(ProjectDependencies) = postProject
		{2566309A-1485-4366-998C-0F64E87E0FD8} = {2566309A-1485-4366-998C-0F64E87E0FD8}
	EndProjectSection
EndProject
Project("{8BC9CEB8-8B4A-11D0-8D11-00A0C91BC942}") = "SimpleEngineNativeTileEditor", "SimpleEngineNativeTileEditor\SimpleEngineNativeTileEditor.vcxproj", "{2566309A-1485-4366-998C-0F64E87E0FD8}"
	ProjectSection(ProjectDependencies) = postProject
		{37BC156B-0948-4591-A77B-6DD682BDBD21} = {37BC156B-0948-4591-A77B-6DD682BDBD21}
	EndProjectSection
EndProject
Project("{8BC9CEB8-8B4A-11D0-8D11-00A0C91BC942}") = "GameUI", "GameUI\GameUI.vcxproj", "{EC734738-714B-48C5-B934-252B067E8E31}"
	ProjectSection(ProjectDependencies) = postProject
		{37BC156B-0948-4591-A77B-6DD682BDBD21} = {37BC156B-0948-4591-A77B-6DD682BDBD21}
	EndProjectSection
EndProject
Project("{2150E333-8FDC-42A3-9474-1A3956D46DE8}") = "Engine", "Engine", "{E44551CF-FED0-4BA2-8B57-CDDE347C41AD}"
EndProject
Project("{2150E333-8FDC-42A3-9474-1A3956D46DE8}") = "Interop", "Interop", "{8D884138-FCAC-47DC-BACB-14A984762D30}"
EndProject
Project("{2150E333-8FDC-42A3-9474-1A3956D46DE8}") = "UI", "UI", "{1FB99AAF-FDEB-4916-9820-EE529BFC9C05}"
EndProject
Project("{2150E333-8FDC-42A3-9474-1A3956D46DE8}") = "GameLogic", "GameLogic", "{54227247-AB47-4048-9858-95F22A6037F5}"
EndProject
Project("{8BC9CEB8-8B4A-11D0-8D11-00A0C91BC942}") = "OnlineRPGGame", "OnlineRPGGame\OnlineRPGGame.vcxproj", "{F818F7C4-B065-49CC-A7ED-4A1D2EC79195}"
EndProject
Global
	GlobalSection(SolutionConfigurationPlatforms) = preSolution
		Debug_DLL|Any CPU = Debug_DLL|Any CPU
		Debug_DLL|x64 = Debug_DLL|x64
		Debug_DLL|x86 = Debug_DLL|x86
		Debug_FromDll|Any CPU = Debug_FromDll|Any CPU
		Debug_FromDll|x64 = Debug_FromDll|x64
		Debug_FromDll|x86 = Debug_FromDll|x86
		Debug|Any CPU = Debug|Any CPU
		Debug|x64 = Debug|x64
		Debug|x86 = Debug|x86
		Release|Any CPU = Release|Any CPU
		Release|x64 = Release|x64
		Release|x86 = Release|x86
	EndGlobalSection
	GlobalSection(ProjectConfigurationPlatforms) = postSolution
		{EF0A5809-3691-45E5-965E-1E015FAA029C}.Debug_DLL|Any CPU.ActiveCfg = Debug|Any CPU
		{EF0A5809-3691-45E5-965E-1E015FAA029C}.Debug_DLL|Any CPU.Build.0 = Debug|Any CPU
		{EF0A5809-3691-45E5-965E-1E015FAA029C}.Debug_DLL|x64.ActiveCfg = Debug|x64
		{EF0A5809-3691-45E5-965E-1E015FAA029C}.Debug_DLL|x64.Build.0 = Debug|x64
		{EF0A5809-3691-45E5-965E-1E015FAA029C}.Debug_DLL|x86.ActiveCfg = Debug|x86
		{EF0A5809-3691-45E5-965E-1E015FAA029C}.Debug_DLL|x86.Build.0 = Debug|x86
		{EF0A5809-3691-45E5-965E-1E015FAA029C}.Debug_FromDll|Any CPU.ActiveCfg = Debug|Any CPU
		{EF0A5809-3691-45E5-965E-1E015FAA029C}.Debug_FromDll|Any CPU.Build.0 = Debug|Any CPU
		{EF0A5809-3691-45E5-965E-1E015FAA029C}.Debug_FromDll|x64.ActiveCfg = Debug|x64
		{EF0A5809-3691-45E5-965E-1E015FAA029C}.Debug_FromDll|x64.Build.0 = Debug|x64
		{EF0A5809-3691-45E5-965E-1E015FAA029C}.Debug_FromDll|x86.ActiveCfg = Debug|x86
		{EF0A5809-3691-45E5-965E-1E015FAA029C}.Debug_FromDll|x86.Build.0 = Debug|x86
		{EF0A5809-3691-45E5-965E-1E015FAA029C}.Debug|Any CPU.ActiveCfg = Debug|Any CPU
		{EF0A5809-3691-45E5-965E-1E015FAA029C}.Debug|Any CPU.Build.0 = Debug|Any CPU
		{EF0A5809-3691-45E5-965E-1E015FAA029C}.Debug|x64.ActiveCfg = Debug|x64
		{EF0A5809-3691-45E5-965E-1E015FAA029C}.Debug|x64.Build.0 = Debug|x64
		{EF0A5809-3691-45E5-965E-1E015FAA029C}.Debug|x86.ActiveCfg = Debug|x86
		{EF0A5809-3691-45E5-965E-1E015FAA029C}.Debug|x86.Build.0 = Debug|x86
		{EF0A5809-3691-45E5-965E-1E015FAA029C}.Release|Any CPU.ActiveCfg = Release|Any CPU
		{EF0A5809-3691-45E5-965E-1E015FAA029C}.Release|Any CPU.Build.0 = Release|Any CPU
		{EF0A5809-3691-45E5-965E-1E015FAA029C}.Release|x64.ActiveCfg = Release|x64
		{EF0A5809-3691-45E5-965E-1E015FAA029C}.Release|x64.Build.0 = Release|x64
		{EF0A5809-3691-45E5-965E-1E015FAA029C}.Release|x86.ActiveCfg = Release|Any CPU
		{EF0A5809-3691-45E5-965E-1E015FAA029C}.Release|x86.Build.0 = Release|Any CPU
		{37BC156B-0948-4591-A77B-6DD682BDBD21}.Debug_DLL|Any CPU.ActiveCfg = Debug_DLL|Win32
		{37BC156B-0948-4591-A77B-6DD682BDBD21}.Debug_DLL|x64.ActiveCfg = Debug_DLL|x64
		{37BC156B-0948-4591-A77B-6DD682BDBD21}.Debug_DLL|x64.Build.0 = Debug_DLL|x64
		{37BC156B-0948-4591-A77B-6DD682BDBD21}.Debug_DLL|x86.ActiveCfg = Debug_DLL|Win32
		{37BC156B-0948-4591-A77B-6DD682BDBD21}.Debug_DLL|x86.Build.0 = Debug_DLL|Win32
		{37BC156B-0948-4591-A77B-6DD682BDBD21}.Debug_FromDll|Any CPU.ActiveCfg = Debug|Win32
		{37BC156B-0948-4591-A77B-6DD682BDBD21}.Debug_FromDll|Any CPU.Build.0 = Debug|Win32
		{37BC156B-0948-4591-A77B-6DD682BDBD21}.Debug_FromDll|x64.ActiveCfg = Debug_DLL|x64
		{37BC156B-0948-4591-A77B-6DD682BDBD21}.Debug_FromDll|x64.Build.0 = Debug_DLL|x64
		{37BC156B-0948-4591-A77B-6DD682BDBD21}.Debug_FromDll|x86.ActiveCfg = Debug_DLL|Win32
		{37BC156B-0948-4591-A77B-6DD682BDBD21}.Debug_FromDll|x86.Build.0 = Debug_DLL|Win32
		{37BC156B-0948-4591-A77B-6DD682BDBD21}.Debug|Any CPU.ActiveCfg = Debug_DLL|Win32
		{37BC156B-0948-4591-A77B-6DD682BDBD21}.Debug|Any CPU.Build.0 = Debug_DLL|Win32
		{37BC156B-0948-4591-A77B-6DD682BDBD21}.Debug|x64.ActiveCfg = Debug|x64
		{37BC156B-0948-4591-A77B-6DD682BDBD21}.Debug|x64.Build.0 = Debug|x64
		{37BC156B-0948-4591-A77B-6DD682BDBD21}.Debug|x86.ActiveCfg = Debug_DLL|Win32
		{37BC156B-0948-4591-A77B-6DD682BDBD21}.Debug|x86.Build.0 = Debug_DLL|Win32
		{37BC156B-0948-4591-A77B-6DD682BDBD21}.Release|Any CPU.ActiveCfg = Release|Win32
		{37BC156B-0948-4591-A77B-6DD682BDBD21}.Release|x64.ActiveCfg = Release|x64
		{37BC156B-0948-4591-A77B-6DD682BDBD21}.Release|x64.Build.0 = Release|x64
		{37BC156B-0948-4591-A77B-6DD682BDBD21}.Release|x86.ActiveCfg = Release|Win32
		{37BC156B-0948-4591-A77B-6DD682BDBD21}.Release|x86.Build.0 = Release|Win32
		{FB9F708F-2837-4644-B0E1-F6F6F8E4274B}.Debug_DLL|Any CPU.ActiveCfg = Debug|Win32
		{FB9F708F-2837-4644-B0E1-F6F6F8E4274B}.Debug_DLL|Any CPU.Build.0 = Debug|Win32
		{FB9F708F-2837-4644-B0E1-F6F6F8E4274B}.Debug_DLL|x64.ActiveCfg = Debug_FromDll|x64
		{FB9F708F-2837-4644-B0E1-F6F6F8E4274B}.Debug_DLL|x64.Build.0 = Debug_FromDll|x64
		{FB9F708F-2837-4644-B0E1-F6F6F8E4274B}.Debug_DLL|x86.ActiveCfg = Debug_FromDll|Win32
		{FB9F708F-2837-4644-B0E1-F6F6F8E4274B}.Debug_DLL|x86.Build.0 = Debug_FromDll|Win32
		{FB9F708F-2837-4644-B0E1-F6F6F8E4274B}.Debug_FromDll|Any CPU.ActiveCfg = Debug_FromDll|Win32
		{FB9F708F-2837-4644-B0E1-F6F6F8E4274B}.Debug_FromDll|x64.ActiveCfg = Debug_FromDll|x64
		{FB9F708F-2837-4644-B0E1-F6F6F8E4274B}.Debug_FromDll|x64.Build.0 = Debug_FromDll|x64
		{FB9F708F-2837-4644-B0E1-F6F6F8E4274B}.Debug_FromDll|x86.ActiveCfg = Debug_FromDll|Win32
		{FB9F708F-2837-4644-B0E1-F6F6F8E4274B}.Debug_FromDll|x86.Build.0 = Debug_FromDll|Win32
		{FB9F708F-2837-4644-B0E1-F6F6F8E4274B}.Debug|Any CPU.ActiveCfg = Debug_FromDll|Win32
		{FB9F708F-2837-4644-B0E1-F6F6F8E4274B}.Debug|Any CPU.Build.0 = Debug_FromDll|Win32
		{FB9F708F-2837-4644-B0E1-F6F6F8E4274B}.Debug|x64.ActiveCfg = Debug|x64
		{FB9F708F-2837-4644-B0E1-F6F6F8E4274B}.Debug|x64.Build.0 = Debug|x64
		{FB9F708F-2837-4644-B0E1-F6F6F8E4274B}.Debug|x86.ActiveCfg = Debug_FromDll|Win32
		{FB9F708F-2837-4644-B0E1-F6F6F8E4274B}.Debug|x86.Build.0 = Debug_FromDll|Win32
		{FB9F708F-2837-4644-B0E1-F6F6F8E4274B}.Release|Any CPU.ActiveCfg = Release|Win32
		{FB9F708F-2837-4644-B0E1-F6F6F8E4274B}.Release|x64.ActiveCfg = Release|x64
		{FB9F708F-2837-4644-B0E1-F6F6F8E4274B}.Release|x64.Build.0 = Release|x64
		{FB9F708F-2837-4644-B0E1-F6F6F8E4274B}.Release|x86.ActiveCfg = Release|Win32
		{FB9F708F-2837-4644-B0E1-F6F6F8E4274B}.Release|x86.Build.0 = Release|Win32
		{14ED99EC-7644-4963-8301-4D7B4BF4BA04}.Debug_DLL|Any CPU.ActiveCfg = Release|x64
		{14ED99EC-7644-4963-8301-4D7B4BF4BA04}.Debug_DLL|Any CPU.Build.0 = Release|x64
		{14ED99EC-7644-4963-8301-4D7B4BF4BA04}.Debug_DLL|x64.ActiveCfg = Debug|x64
		{14ED99EC-7644-4963-8301-4D7B4BF4BA04}.Debug_DLL|x64.Build.0 = Debug|x64
		{14ED99EC-7644-4963-8301-4D7B4BF4BA04}.Debug_DLL|x86.ActiveCfg = Debug|Win32
		{14ED99EC-7644-4963-8301-4D7B4BF4BA04}.Debug_DLL|x86.Build.0 = Debug|Win32
		{14ED99EC-7644-4963-8301-4D7B4BF4BA04}.Debug_FromDll|Any CPU.ActiveCfg = Release|x64
		{14ED99EC-7644-4963-8301-4D7B4BF4BA04}.Debug_FromDll|Any CPU.Build.0 = Release|x64
		{14ED99EC-7644-4963-8301-4D7B4BF4BA04}.Debug_FromDll|x64.ActiveCfg = Debug|x64
		{14ED99EC-7644-4963-8301-4D7B4BF4BA04}.Debug_FromDll|x64.Build.0 = Debug|x64
		{14ED99EC-7644-4963-8301-4D7B4BF4BA04}.Debug_FromDll|x86.ActiveCfg = Debug|Win32
		{14ED99EC-7644-4963-8301-4D7B4BF4BA04}.Debug_FromDll|x86.Build.0 = Debug|Win32
		{14ED99EC-7644-4963-8301-4D7B4BF4BA04}.Debug|Any CPU.ActiveCfg = Debug|Win32
		{14ED99EC-7644-4963-8301-4D7B4BF4BA04}.Debug|Any CPU.Build.0 = Debug|Win32
		{14ED99EC-7644-4963-8301-4D7B4BF4BA04}.Debug|x64.ActiveCfg = Debug|x64
		{14ED99EC-7644-4963-8301-4D7B4BF4BA04}.Debug|x64.Build.0 = Debug|x64
		{14ED99EC-7644-4963-8301-4D7B4BF4BA04}.Debug|x86.ActiveCfg = Debug|Win32
		{14ED99EC-7644-4963-8301-4D7B4BF4BA04}.Debug|x86.Build.0 = Debug|Win32
		{14ED99EC-7644-4963-8301-4D7B4BF4BA04}.Release|Any CPU.ActiveCfg = Release|Win32
		{14ED99EC-7644-4963-8301-4D7B4BF4BA04}.Release|x64.ActiveCfg = Release|x64
		{14ED99EC-7644-4963-8301-4D7B4BF4BA04}.Release|x64.Build.0 = Release|x64
		{14ED99EC-7644-4963-8301-4D7B4BF4BA04}.Release|x86.ActiveCfg = Release|Win32
		{14ED99EC-7644-4963-8301-4D7B4BF4BA04}.Release|x86.Build.0 = Release|Win32
		{80F800AF-F3EE-4F86-887B-0FBA0DBDB7BF}.Debug_DLL|Any CPU.ActiveCfg = Debug|Any CPU
		{80F800AF-F3EE-4F86-887B-0FBA0DBDB7BF}.Debug_DLL|Any CPU.Build.0 = Debug|Any CPU
		{80F800AF-F3EE-4F86-887B-0FBA0DBDB7BF}.Debug_DLL|x64.ActiveCfg = Debug|Any CPU
		{80F800AF-F3EE-4F86-887B-0FBA0DBDB7BF}.Debug_DLL|x64.Build.0 = Debug|Any CPU
		{80F800AF-F3EE-4F86-887B-0FBA0DBDB7BF}.Debug_DLL|x86.ActiveCfg = Debug|Any CPU
		{80F800AF-F3EE-4F86-887B-0FBA0DBDB7BF}.Debug_DLL|x86.Build.0 = Debug|Any CPU
		{80F800AF-F3EE-4F86-887B-0FBA0DBDB7BF}.Debug_FromDll|Any CPU.ActiveCfg = Debug|Any CPU
		{80F800AF-F3EE-4F86-887B-0FBA0DBDB7BF}.Debug_FromDll|Any CPU.Build.0 = Debug|Any CPU
		{80F800AF-F3EE-4F86-887B-0FBA0DBDB7BF}.Debug_FromDll|x64.ActiveCfg = Debug|Any CPU
		{80F800AF-F3EE-4F86-887B-0FBA0DBDB7BF}.Debug_FromDll|x64.Build.0 = Debug|Any CPU
		{80F800AF-F3EE-4F86-887B-0FBA0DBDB7BF}.Debug_FromDll|x86.ActiveCfg = Debug|Any CPU
		{80F800AF-F3EE-4F86-887B-0FBA0DBDB7BF}.Debug_FromDll|x86.Build.0 = Debug|Any CPU
		{80F800AF-F3EE-4F86-887B-0FBA0DBDB7BF}.Debug|Any CPU.ActiveCfg = Debug|Any CPU
		{80F800AF-F3EE-4F86-887B-0FBA0DBDB7BF}.Debug|Any CPU.Build.0 = Debug|Any CPU
		{80F800AF-F3EE-4F86-887B-0FBA0DBDB7BF}.Debug|x64.ActiveCfg = Debug|Any CPU
		{80F800AF-F3EE-4F86-887B-0FBA0DBDB7BF}.Debug|x64.Build.0 = Debug|Any CPU
		{80F800AF-F3EE-4F86-887B-0FBA0DBDB7BF}.Debug|x86.ActiveCfg = Debug|Any CPU
		{80F800AF-F3EE-4F86-887B-0FBA0DBDB7BF}.Debug|x86.Build.0 = Debug|Any CPU
		{80F800AF-F3EE-4F86-887B-0FBA0DBDB7BF}.Release|Any CPU.ActiveCfg = Release|Any CPU
		{80F800AF-F3EE-4F86-887B-0FBA0DBDB7BF}.Release|Any CPU.Build.0 = Release|Any CPU
		{80F800AF-F3EE-4F86-887B-0FBA0DBDB7BF}.Release|x64.ActiveCfg = Release|Any CPU
		{80F800AF-F3EE-4F86-887B-0FBA0DBDB7BF}.Release|x64.Build.0 = Release|Any CPU
		{80F800AF-F3EE-4F86-887B-0FBA0DBDB7BF}.Release|x86.ActiveCfg = Release|Any CPU
		{80F800AF-F3EE-4F86-887B-0FBA0DBDB7BF}.Release|x86.Build.0 = Release|Any CPU
		{2566309A-1485-4366-998C-0F64E87E0FD8}.Debug_DLL|Any CPU.ActiveCfg = Release|x64
		{2566309A-1485-4366-998C-0F64E87E0FD8}.Debug_DLL|Any CPU.Build.0 = Release|x64
		{2566309A-1485-4366-998C-0F64E87E0FD8}.Debug_DLL|x64.ActiveCfg = Debug|x64
		{2566309A-1485-4366-998C-0F64E87E0FD8}.Debug_DLL|x64.Build.0 = Debug|x64
		{2566309A-1485-4366-998C-0F64E87E0FD8}.Debug_DLL|x86.ActiveCfg = Debug|Win32
		{2566309A-1485-4366-998C-0F64E87E0FD8}.Debug_DLL|x86.Build.0 = Debug|Win32
		{2566309A-1485-4366-998C-0F64E87E0FD8}.Debug_FromDll|Any CPU.ActiveCfg = Release|x64
		{2566309A-1485-4366-998C-0F64E87E0FD8}.Debug_FromDll|Any CPU.Build.0 = Release|x64
		{2566309A-1485-4366-998C-0F64E87E0FD8}.Debug_FromDll|x64.ActiveCfg = Debug|x64
		{2566309A-1485-4366-998C-0F64E87E0FD8}.Debug_FromDll|x64.Build.0 = Debug|x64
		{2566309A-1485-4366-998C-0F64E87E0FD8}.Debug_FromDll|x86.ActiveCfg = Debug|Win32
		{2566309A-1485-4366-998C-0F64E87E0FD8}.Debug_FromDll|x86.Build.0 = Debug|Win32
		{2566309A-1485-4366-998C-0F64E87E0FD8}.Debug|Any CPU.ActiveCfg = Debug|Win32
		{2566309A-1485-4366-998C-0F64E87E0FD8}.Debug|x64.ActiveCfg = Debug|x64
		{2566309A-1485-4366-998C-0F64E87E0FD8}.Debug|x64.Build.0 = Debug|x64
		{2566309A-1485-4366-998C-0F64E87E0FD8}.Debug|x86.ActiveCfg = Debug|Win32
		{2566309A-1485-4366-998C-0F64E87E0FD8}.Debug|x86.Build.0 = Debug|Win32
		{2566309A-1485-4366-998C-0F64E87E0FD8}.Release|Any CPU.ActiveCfg = Release|Win32
		{2566309A-1485-4366-998C-0F64E87E0FD8}.Release|x64.ActiveCfg = Release|x64
		{2566309A-1485-4366-998C-0F64E87E0FD8}.Release|x64.Build.0 = Release|x64
		{2566309A-1485-4366-998C-0F64E87E0FD8}.Release|x86.ActiveCfg = Release|Win32
		{2566309A-1485-4366-998C-0F64E87E0FD8}.Release|x86.Build.0 = Release|Win32
		{EC734738-714B-48C5-B934-252B067E8E31}.Debug_DLL|Any CPU.ActiveCfg = Release|x64
		{EC734738-714B-48C5-B934-252B067E8E31}.Debug_DLL|Any CPU.Build.0 = Release|x64
		{EC734738-714B-48C5-B934-252B067E8E31}.Debug_DLL|x64.ActiveCfg = Debug|x64
		{EC734738-714B-48C5-B934-252B067E8E31}.Debug_DLL|x64.Build.0 = Debug|x64
		{EC734738-714B-48C5-B934-252B067E8E31}.Debug_DLL|x86.ActiveCfg = Debug|Win32
		{EC734738-714B-48C5-B934-252B067E8E31}.Debug_DLL|x86.Build.0 = Debug|Win32
		{EC734738-714B-48C5-B934-252B067E8E31}.Debug_FromDll|Any CPU.ActiveCfg = Release|x64
		{EC734738-714B-48C5-B934-252B067E8E31}.Debug_FromDll|Any CPU.Build.0 = Release|x64
		{EC734738-714B-48C5-B934-252B067E8E31}.Debug_FromDll|x64.ActiveCfg = Debug|x64
		{EC734738-714B-48C5-B934-252B067E8E31}.Debug_FromDll|x64.Build.0 = Debug|x64
		{EC734738-714B-48C5-B934-252B067E8E31}.Debug_FromDll|x86.ActiveCfg = Debug|Win32
		{EC734738-714B-48C5-B934-252B067E8E31}.Debug_FromDll|x86.Build.0 = Debug|Win32
		{EC734738-714B-48C5-B934-252B067E8E31}.Debug|Any CPU.ActiveCfg = Debug|Win32
		{EC734738-714B-48C5-B934-252B067E8E31}.Debug|x64.ActiveCfg = Debug|x64
		{EC734738-714B-48C5-B934-252B067E8E31}.Debug|x64.Build.0 = Debug|x64
		{EC734738-714B-48C5-B934-252B067E8E31}.Debug|x86.ActiveCfg = Debug|Win32
		{EC734738-714B-48C5-B934-252B067E8E31}.Debug|x86.Build.0 = Debug|Win32
		{EC734738-714B-48C5-B934-252B067E8E31}.Release|Any CPU.ActiveCfg = Release|Win32
		{EC734738-714B-48C5-B934-252B067E8E31}.Release|x64.ActiveCfg = Release|x64
		{EC734738-714B-48C5-B934-252B067E8E31}.Release|x64.Build.0 = Release|x64
		{EC734738-714B-48C5-B934-252B067E8E31}.Release|x86.ActiveCfg = Release|Win32
		{EC734738-714B-48C5-B934-252B067E8E31}.Release|x86.Build.0 = Release|Win32
		{F818F7C4-B065-49CC-A7ED-4A1D2EC79195}.Debug_DLL|Any CPU.ActiveCfg = Release|x64
		{F818F7C4-B065-49CC-A7ED-4A1D2EC79195}.Debug_DLL|Any CPU.Build.0 = Release|x64
		{F818F7C4-B065-49CC-A7ED-4A1D2EC79195}.Debug_DLL|x64.ActiveCfg = Debug|x64
		{F818F7C4-B065-49CC-A7ED-4A1D2EC79195}.Debug_DLL|x64.Build.0 = Debug|x64
		{F818F7C4-B065-49CC-A7ED-4A1D2EC79195}.Debug_DLL|x86.ActiveCfg = Debug|Win32
		{F818F7C4-B065-49CC-A7ED-4A1D2EC79195}.Debug_DLL|x86.Build.0 = Debug|Win32
		{F818F7C4-B065-49CC-A7ED-4A1D2EC79195}.Debug_FromDll|Any CPU.ActiveCfg = Release|x64
		{F818F7C4-B065-49CC-A7ED-4A1D2EC79195}.Debug_FromDll|Any CPU.Build.0 = Release|x64
		{F818F7C4-B065-49CC-A7ED-4A1D2EC79195}.Debug_FromDll|x64.ActiveCfg = Debug|x64
		{F818F7C4-B065-49CC-A7ED-4A1D2EC79195}.Debug_FromDll|x64.Build.0 = Debug|x64
		{F818F7C4-B065-49CC-A7ED-4A1D2EC79195}.Debug_FromDll|x86.ActiveCfg = Debug|Win32
		{F818F7C4-B065-49CC-A7ED-4A1D2EC79195}.Debug_FromDll|x86.Build.0 = Debug|Win32
		{F818F7C4-B065-49CC-A7ED-4A1D2EC79195}.Debug|Any CPU.ActiveCfg = Debug|Win32
		{F818F7C4-B065-49CC-A7ED-4A1D2EC79195}.Debug|x64.ActiveCfg = Debug|x64
		{F818F7C4-B065-49CC-A7ED-4A1D2EC79195}.Debug|x64.Build.0 = Debug|x64
		{F818F7C4-B065-49CC-A7ED-4A1D2EC79195}.Debug|x86.ActiveCfg = Debug|Win32
		{F818F7C4-B065-49CC-A7ED-4A1D2EC79195}.Debug|x86.Build.0 = Debug|Win32
		{F818F7C4-B065-49CC-A7ED-4A1D2EC79195}.Release|Any CPU.ActiveCfg = Release|Win32
		{F818F7C4-B065-49CC-A7ED-4A1D2EC79195}.Release|x64.ActiveCfg = Release|x64
		{F818F7C4-B065-49CC-A7ED-4A1D2EC79195}.Release|x64.Build.0 = Release|x64
		{F818F7C4-B065-49CC-A7ED-4A1D2EC79195}.Release|x86.ActiveCfg = Release|Win32
		{F818F7C4-B065-49CC-A7ED-4A1D2EC79195}.Release|x86.Build.0 = Release|Win32
	EndGlobalSection
	GlobalSection(SolutionProperties) = preSolution
		HideSolutionNode = FALSE
	EndGlobalSection
	GlobalSection(NestedProjects) = preSolution
		{EF0A5809-3691-45E5-965E-1E015FAA029C} = {1FB99AAF-FDEB-4916-9820-EE529BFC9C05}
		{37BC156B-0948-4591-A77B-6DD682BDBD21} = {E44551CF-FED0-4BA2-8B57-CDDE347C41AD}
		{FB9F708F-2837-4644-B0E1-F6F6F8E4274B} = {E44551CF-FED0-4BA2-8B57-CDDE347C41AD}
		{14ED99EC-7644-4963-8301-4D7B4BF4BA04} = {8D884138-FCAC-47DC-BACB-14A984762D30}
		{80F800AF-F3EE-4F86-887B-0FBA0DBDB7BF} = {8D884138-FCAC-47DC-BACB-14A984762D30}
		{2566309A-1485-4366-998C-0F64E87E0FD8} = {8D884138-FCAC-47DC-BACB-14A984762D30}
		{EC734738-714B-48C5-B934-252B067E8E31} = {1FB99AAF-FDEB-4916-9820-EE529BFC9C05}
		{F818F7C4-B065-49CC-A7ED-4A1D2EC79195} = {54227247-AB47-4048-9858-95F22A6037F5}
	EndGlobalSection
EndGlobal
